
Microsoft Visual Studio Solution File, Format Version 12.00
# Visual Studio Version 17
VisualStudioVersion = 17.5.002.0
MinimumVisualStudioVersion = 10.0.40219.1
Project("{2150E333-8FDC-42A3-9474-1A3956D46DE8}") = "lesson1", "lesson1", "{5AF134AF-BCFD-4798-A41C-708CCCC599A2}"
EndProject
Project("{9A19103F-16F7-4668-BE54-9A1E7A4F7556}") = "Task1", "lesson1\Task1\Task1.csproj", "{129C3F10-AB47-45E4-939C-966488135432}"
EndProject
Project("{FAE04EC0-301F-11D3-BF4B-00C04F79EFBC}") = "Task5", "lesson1\Task5\Task5.csproj", "{5C0B6C68-15B3-4C52-8CD0-00EDDD144A45}"
EndProject
Project("{2150E333-8FDC-42A3-9474-1A3956D46DE8}") = "lesson2", "lesson2", "{6ACD88A6-F9D7-4417-9DF1-017D0C1FA8A3}"
EndProject
Project("{FAE04EC0-301F-11D3-BF4B-00C04F79EFBC}") = "Task1", "lesson2\Task1\Task1.csproj", "{5F8FED40-1465-452C-81C9-1D7E456F34C6}"
EndProject
Project("{FAE04EC0-301F-11D3-BF4B-00C04F79EFBC}") = "Task2", "lesson2\Task2\Task2.csproj", "{846072B1-CF4A-437C-8526-76F4C6FEB345}"
EndProject
Project("{FAE04EC0-301F-11D3-BF4B-00C04F79EFBC}") = "Task3", "lesson2\Task3\Task3.csproj", "{00BA11AE-AD59-488B-98F9-E4AF30E47167}"
EndProject
Project("{FAE04EC0-301F-11D3-BF4B-00C04F79EFBC}") = "Task4", "lesson2\Task4\Task4.csproj", "{432DC08E-97DF-4CC0-A836-28AB50518A88}"
EndProject
Project("{2150E333-8FDC-42A3-9474-1A3956D46DE8}") = "lesson3", "lesson3", "{72CD9AA7-A888-4ECE-9D1E-BD274808D824}"
EndProject
Project("{FAE04EC0-301F-11D3-BF4B-00C04F79EFBC}") = "Task1", "lesson3\Task1\Task1.csproj", "{4BB3C414-3984-4D3C-8DE1-A0DD953605A3}"
EndProject
Project("{FAE04EC0-301F-11D3-BF4B-00C04F79EFBC}") = "Task2", "lesson3\Task2\Task2.csproj", "{7C7A5E18-2225-4F5D-BEC1-AC028F76ECBF}"
EndProject
Project("{FAE04EC0-301F-11D3-BF4B-00C04F79EFBC}") = "Task3", "lesson3\Task3\Task3.csproj", "{A1E165BB-08B9-4B4A-A51B-1B71267FCB83}"
EndProject
Project("{2150E333-8FDC-42A3-9474-1A3956D46DE8}") = "lesson4", "lesson4", "{26E6FF5A-5157-4A32-ADF7-F4CC1108D8E2}"
EndProject
Project("{2150E333-8FDC-42A3-9474-1A3956D46DE8}") = "seminar1", "seminar1", "{B98E4CF3-598E-4C84-80A2-A08DB44167BE}"
EndProject
Project("{FAE04EC0-301F-11D3-BF4B-00C04F79EFBC}") = "Task1", "seminar1\Task1\Task1.csproj", "{9578E4D2-CF10-4965-BCF5-C032A7E382F4}"
EndProject
Project("{2150E333-8FDC-42A3-9474-1A3956D46DE8}") = "homework2", "homework2", "{94DC47B5-EFF9-486F-80C2-8AD3CE458CD2}"
EndProject
Project("{FAE04EC0-301F-11D3-BF4B-00C04F79EFBC}") = "Task1", "homework2\Task1\Task1.csproj", "{683C5A18-A2DF-42AE-9F44-B4553961B7C1}"
EndProject
Project("{FAE04EC0-301F-11D3-BF4B-00C04F79EFBC}") = "Task2", "homework2\Task2\Task2.csproj", "{61D068C8-35C6-4CF7-BB5A-CA746866FF17}"
EndProject
Project("{FAE04EC0-301F-11D3-BF4B-00C04F79EFBC}") = "Task3", "homework2\Task3\Task3.csproj", "{6348822F-9802-4B02-8B83-0BF2AFDDEA05}"
EndProject
Project("{FAE04EC0-301F-11D3-BF4B-00C04F79EFBC}") = "Task4", "homework2\Task4\Task4.csproj", "{1E06469E-6A5B-49ED-802A-FB876433EFEA}"
EndProject
Project("{FAE04EC0-301F-11D3-BF4B-00C04F79EFBC}") = "Task1", "lesson4\Task1\Task1.csproj", "{78EA9888-05A9-4815-ADD1-03030E5D654E}"
EndProject
Project("{FAE04EC0-301F-11D3-BF4B-00C04F79EFBC}") = "Task2", "lesson4\Task2\Task2.csproj", "{6C557FFF-DD84-4591-839C-5089D9E4C8C6}"
EndProject
Project("{FAE04EC0-301F-11D3-BF4B-00C04F79EFBC}") = "Task3", "lesson4\Task3\Task3.csproj", "{DFE33999-FAC5-49A2-91DD-E50FD634C2A7}"
EndProject
Project("{FAE04EC0-301F-11D3-BF4B-00C04F79EFBC}") = "homework1", "lesson4\homework1\homework1.csproj", "{C4C7A2AF-1191-4771-9085-5C890EABEE14}"
EndProject
Project("{2150E333-8FDC-42A3-9474-1A3956D46DE8}") = "lesson5", "lesson5", "{A4140E8A-0DAC-4046-A4F5-F55953A2DD46}"
EndProject
Project("{FAE04EC0-301F-11D3-BF4B-00C04F79EFBC}") = "Task1", "lesson5\Task1\Task1.csproj", "{D1F4BFBA-393F-4918-8946-18FD955DFC21}"
EndProject
Project("{2150E333-8FDC-42A3-9474-1A3956D46DE8}") = "seminar4", "seminar4", "{9CF6E780-8884-4D5D-9DBF-74FC17FA4086}"
EndProject
Project("{FAE04EC0-301F-11D3-BF4B-00C04F79EFBC}") = "Task1", "seminar4\Task1\Task1.csproj", "{75054A69-F4F5-4F73-920D-4F34A6B94D12}"
EndProject
Project("{FAE04EC0-301F-11D3-BF4B-00C04F79EFBC}") = "Task2", "seminar4\Task2\Task2.csproj", "{D7E1CADA-B613-4422-966F-6B4608796E71}"
EndProject
Project("{FAE04EC0-301F-11D3-BF4B-00C04F79EFBC}") = "Task3", "seminar4\Task3\Task3.csproj", "{3ABD522F-6F87-490C-9094-881DE31B29E6}"
EndProject
Project("{2150E333-8FDC-42A3-9474-1A3956D46DE8}") = "homework4", "homework4", "{85B93F02-6390-4E0D-A711-E717F19EE4B8}"
EndProject
Project("{FAE04EC0-301F-11D3-BF4B-00C04F79EFBC}") = "task1", "homework4\task1\task1.csproj", "{E9AC83E9-0698-4C14-AA40-8EF337F65523}"
EndProject
Project("{FAE04EC0-301F-11D3-BF4B-00C04F79EFBC}") = "task2", "homework4\task2\task2.csproj", "{DBCC4D12-42C5-4843-B890-1A04A00DC681}"
EndProject
Project("{FAE04EC0-301F-11D3-BF4B-00C04F79EFBC}") = "task3", "homework4\task3\task3.csproj", "{E8D9FF9E-AD9E-4582-B172-C0F56895015F}"
EndProject
Project("{2150E333-8FDC-42A3-9474-1A3956D46DE8}") = "seminar5", "seminar5", "{EDA29ECA-2945-4690-8C32-D7AC84717485}"
EndProject
Project("{FAE04EC0-301F-11D3-BF4B-00C04F79EFBC}") = "task1", "seminar5\task1\task1.csproj", "{7F5B1A1C-115E-4852-8478-B0DA08C45A70}"
EndProject
Project("{FAE04EC0-301F-11D3-BF4B-00C04F79EFBC}") = "task2", "seminar5\task2\task2.csproj", "{C5A7C004-276A-4B76-81DB-6A02E70C6E3C}"
EndProject
Project("{FAE04EC0-301F-11D3-BF4B-00C04F79EFBC}") = "task3", "seminar5\task3\task3.csproj", "{1BAD908A-518D-4540-9C3E-B2CB4EA8AA5B}"
EndProject
Project("{2150E333-8FDC-42A3-9474-1A3956D46DE8}") = "homework5", "homework5", "{90BE8FA3-2C94-41F0-8C49-E837B0262ECB}"
EndProject
Project("{FAE04EC0-301F-11D3-BF4B-00C04F79EFBC}") = "task1", "homework5\task1\task1.csproj", "{86D4FD9C-28FA-4813-8641-AA27A83FA8D6}"
EndProject
Project("{FAE04EC0-301F-11D3-BF4B-00C04F79EFBC}") = "task2", "homework5\task2\task2.csproj", "{D573DA2C-A50F-4E0A-85E8-2B313686BFE3}"
EndProject
Project("{FAE04EC0-301F-11D3-BF4B-00C04F79EFBC}") = "task3", "homework5\task3\task3.csproj", "{9618277D-E75D-485F-AE80-8C328A6A0F5E}"
EndProject
Project("{FAE04EC0-301F-11D3-BF4B-00C04F79EFBC}") = "task4", "homework5\task4\task4.csproj", "{6130536B-13A0-4205-8747-BD9E3EF92140}"
EndProject
Global
	GlobalSection(SolutionConfigurationPlatforms) = preSolution
		Debug|Any CPU = Debug|Any CPU
		Release|Any CPU = Release|Any CPU
	EndGlobalSection
	GlobalSection(ProjectConfigurationPlatforms) = postSolution
		{129C3F10-AB47-45E4-939C-966488135432}.Debug|Any CPU.ActiveCfg = Debug|Any CPU
		{129C3F10-AB47-45E4-939C-966488135432}.Debug|Any CPU.Build.0 = Debug|Any CPU
		{129C3F10-AB47-45E4-939C-966488135432}.Release|Any CPU.ActiveCfg = Release|Any CPU
		{129C3F10-AB47-45E4-939C-966488135432}.Release|Any CPU.Build.0 = Release|Any CPU
		{5C0B6C68-15B3-4C52-8CD0-00EDDD144A45}.Debug|Any CPU.ActiveCfg = Debug|Any CPU
		{5C0B6C68-15B3-4C52-8CD0-00EDDD144A45}.Debug|Any CPU.Build.0 = Debug|Any CPU
		{5C0B6C68-15B3-4C52-8CD0-00EDDD144A45}.Release|Any CPU.ActiveCfg = Release|Any CPU
		{5C0B6C68-15B3-4C52-8CD0-00EDDD144A45}.Release|Any CPU.Build.0 = Release|Any CPU
		{5F8FED40-1465-452C-81C9-1D7E456F34C6}.Debug|Any CPU.ActiveCfg = Debug|Any CPU
		{5F8FED40-1465-452C-81C9-1D7E456F34C6}.Debug|Any CPU.Build.0 = Debug|Any CPU
		{5F8FED40-1465-452C-81C9-1D7E456F34C6}.Release|Any CPU.ActiveCfg = Release|Any CPU
		{5F8FED40-1465-452C-81C9-1D7E456F34C6}.Release|Any CPU.Build.0 = Release|Any CPU
		{846072B1-CF4A-437C-8526-76F4C6FEB345}.Debug|Any CPU.ActiveCfg = Debug|Any CPU
		{846072B1-CF4A-437C-8526-76F4C6FEB345}.Debug|Any CPU.Build.0 = Debug|Any CPU
		{846072B1-CF4A-437C-8526-76F4C6FEB345}.Release|Any CPU.ActiveCfg = Release|Any CPU
		{846072B1-CF4A-437C-8526-76F4C6FEB345}.Release|Any CPU.Build.0 = Release|Any CPU
		{00BA11AE-AD59-488B-98F9-E4AF30E47167}.Debug|Any CPU.ActiveCfg = Debug|Any CPU
		{00BA11AE-AD59-488B-98F9-E4AF30E47167}.Debug|Any CPU.Build.0 = Debug|Any CPU
		{00BA11AE-AD59-488B-98F9-E4AF30E47167}.Release|Any CPU.ActiveCfg = Release|Any CPU
		{00BA11AE-AD59-488B-98F9-E4AF30E47167}.Release|Any CPU.Build.0 = Release|Any CPU
		{432DC08E-97DF-4CC0-A836-28AB50518A88}.Debug|Any CPU.ActiveCfg = Debug|Any CPU
		{432DC08E-97DF-4CC0-A836-28AB50518A88}.Debug|Any CPU.Build.0 = Debug|Any CPU
		{432DC08E-97DF-4CC0-A836-28AB50518A88}.Release|Any CPU.ActiveCfg = Release|Any CPU
		{432DC08E-97DF-4CC0-A836-28AB50518A88}.Release|Any CPU.Build.0 = Release|Any CPU
		{4BB3C414-3984-4D3C-8DE1-A0DD953605A3}.Debug|Any CPU.ActiveCfg = Debug|Any CPU
		{4BB3C414-3984-4D3C-8DE1-A0DD953605A3}.Debug|Any CPU.Build.0 = Debug|Any CPU
		{4BB3C414-3984-4D3C-8DE1-A0DD953605A3}.Release|Any CPU.ActiveCfg = Release|Any CPU
		{4BB3C414-3984-4D3C-8DE1-A0DD953605A3}.Release|Any CPU.Build.0 = Release|Any CPU
		{7C7A5E18-2225-4F5D-BEC1-AC028F76ECBF}.Debug|Any CPU.ActiveCfg = Debug|Any CPU
		{7C7A5E18-2225-4F5D-BEC1-AC028F76ECBF}.Debug|Any CPU.Build.0 = Debug|Any CPU
		{7C7A5E18-2225-4F5D-BEC1-AC028F76ECBF}.Release|Any CPU.ActiveCfg = Release|Any CPU
		{7C7A5E18-2225-4F5D-BEC1-AC028F76ECBF}.Release|Any CPU.Build.0 = Release|Any CPU
		{A1E165BB-08B9-4B4A-A51B-1B71267FCB83}.Debug|Any CPU.ActiveCfg = Debug|Any CPU
		{A1E165BB-08B9-4B4A-A51B-1B71267FCB83}.Debug|Any CPU.Build.0 = Debug|Any CPU
		{A1E165BB-08B9-4B4A-A51B-1B71267FCB83}.Release|Any CPU.ActiveCfg = Release|Any CPU
		{A1E165BB-08B9-4B4A-A51B-1B71267FCB83}.Release|Any CPU.Build.0 = Release|Any CPU
		{9578E4D2-CF10-4965-BCF5-C032A7E382F4}.Debug|Any CPU.ActiveCfg = Debug|Any CPU
		{9578E4D2-CF10-4965-BCF5-C032A7E382F4}.Debug|Any CPU.Build.0 = Debug|Any CPU
		{9578E4D2-CF10-4965-BCF5-C032A7E382F4}.Release|Any CPU.ActiveCfg = Release|Any CPU
		{9578E4D2-CF10-4965-BCF5-C032A7E382F4}.Release|Any CPU.Build.0 = Release|Any CPU
		{683C5A18-A2DF-42AE-9F44-B4553961B7C1}.Debug|Any CPU.ActiveCfg = Debug|Any CPU
		{683C5A18-A2DF-42AE-9F44-B4553961B7C1}.Debug|Any CPU.Build.0 = Debug|Any CPU
		{683C5A18-A2DF-42AE-9F44-B4553961B7C1}.Release|Any CPU.ActiveCfg = Release|Any CPU
		{683C5A18-A2DF-42AE-9F44-B4553961B7C1}.Release|Any CPU.Build.0 = Release|Any CPU
		{61D068C8-35C6-4CF7-BB5A-CA746866FF17}.Debug|Any CPU.ActiveCfg = Debug|Any CPU
		{61D068C8-35C6-4CF7-BB5A-CA746866FF17}.Debug|Any CPU.Build.0 = Debug|Any CPU
		{61D068C8-35C6-4CF7-BB5A-CA746866FF17}.Release|Any CPU.ActiveCfg = Release|Any CPU
		{61D068C8-35C6-4CF7-BB5A-CA746866FF17}.Release|Any CPU.Build.0 = Release|Any CPU
		{6348822F-9802-4B02-8B83-0BF2AFDDEA05}.Debug|Any CPU.ActiveCfg = Debug|Any CPU
		{6348822F-9802-4B02-8B83-0BF2AFDDEA05}.Debug|Any CPU.Build.0 = Debug|Any CPU
		{6348822F-9802-4B02-8B83-0BF2AFDDEA05}.Release|Any CPU.ActiveCfg = Release|Any CPU
		{6348822F-9802-4B02-8B83-0BF2AFDDEA05}.Release|Any CPU.Build.0 = Release|Any CPU
		{1E06469E-6A5B-49ED-802A-FB876433EFEA}.Debug|Any CPU.ActiveCfg = Debug|Any CPU
		{1E06469E-6A5B-49ED-802A-FB876433EFEA}.Debug|Any CPU.Build.0 = Debug|Any CPU
		{1E06469E-6A5B-49ED-802A-FB876433EFEA}.Release|Any CPU.ActiveCfg = Release|Any CPU
		{1E06469E-6A5B-49ED-802A-FB876433EFEA}.Release|Any CPU.Build.0 = Release|Any CPU
		{78EA9888-05A9-4815-ADD1-03030E5D654E}.Debug|Any CPU.ActiveCfg = Debug|Any CPU
		{78EA9888-05A9-4815-ADD1-03030E5D654E}.Debug|Any CPU.Build.0 = Debug|Any CPU
		{78EA9888-05A9-4815-ADD1-03030E5D654E}.Release|Any CPU.ActiveCfg = Release|Any CPU
		{78EA9888-05A9-4815-ADD1-03030E5D654E}.Release|Any CPU.Build.0 = Release|Any CPU
		{6C557FFF-DD84-4591-839C-5089D9E4C8C6}.Debug|Any CPU.ActiveCfg = Debug|Any CPU
		{6C557FFF-DD84-4591-839C-5089D9E4C8C6}.Debug|Any CPU.Build.0 = Debug|Any CPU
		{6C557FFF-DD84-4591-839C-5089D9E4C8C6}.Release|Any CPU.ActiveCfg = Release|Any CPU
		{6C557FFF-DD84-4591-839C-5089D9E4C8C6}.Release|Any CPU.Build.0 = Release|Any CPU
		{DFE33999-FAC5-49A2-91DD-E50FD634C2A7}.Debug|Any CPU.ActiveCfg = Debug|Any CPU
		{DFE33999-FAC5-49A2-91DD-E50FD634C2A7}.Debug|Any CPU.Build.0 = Debug|Any CPU
		{DFE33999-FAC5-49A2-91DD-E50FD634C2A7}.Release|Any CPU.ActiveCfg = Release|Any CPU
		{DFE33999-FAC5-49A2-91DD-E50FD634C2A7}.Release|Any CPU.Build.0 = Release|Any CPU
		{C4C7A2AF-1191-4771-9085-5C890EABEE14}.Debug|Any CPU.ActiveCfg = Debug|Any CPU
		{C4C7A2AF-1191-4771-9085-5C890EABEE14}.Debug|Any CPU.Build.0 = Debug|Any CPU
		{C4C7A2AF-1191-4771-9085-5C890EABEE14}.Release|Any CPU.ActiveCfg = Release|Any CPU
		{C4C7A2AF-1191-4771-9085-5C890EABEE14}.Release|Any CPU.Build.0 = Release|Any CPU
		{D1F4BFBA-393F-4918-8946-18FD955DFC21}.Debug|Any CPU.ActiveCfg = Debug|Any CPU
		{D1F4BFBA-393F-4918-8946-18FD955DFC21}.Debug|Any CPU.Build.0 = Debug|Any CPU
		{D1F4BFBA-393F-4918-8946-18FD955DFC21}.Release|Any CPU.ActiveCfg = Release|Any CPU
		{D1F4BFBA-393F-4918-8946-18FD955DFC21}.Release|Any CPU.Build.0 = Release|Any CPU
		{75054A69-F4F5-4F73-920D-4F34A6B94D12}.Debug|Any CPU.ActiveCfg = Debug|Any CPU
		{75054A69-F4F5-4F73-920D-4F34A6B94D12}.Debug|Any CPU.Build.0 = Debug|Any CPU
		{75054A69-F4F5-4F73-920D-4F34A6B94D12}.Release|Any CPU.ActiveCfg = Release|Any CPU
		{75054A69-F4F5-4F73-920D-4F34A6B94D12}.Release|Any CPU.Build.0 = Release|Any CPU
		{D7E1CADA-B613-4422-966F-6B4608796E71}.Debug|Any CPU.ActiveCfg = Debug|Any CPU
		{D7E1CADA-B613-4422-966F-6B4608796E71}.Debug|Any CPU.Build.0 = Debug|Any CPU
		{D7E1CADA-B613-4422-966F-6B4608796E71}.Release|Any CPU.ActiveCfg = Release|Any CPU
		{D7E1CADA-B613-4422-966F-6B4608796E71}.Release|Any CPU.Build.0 = Release|Any CPU
		{3ABD522F-6F87-490C-9094-881DE31B29E6}.Debug|Any CPU.ActiveCfg = Debug|Any CPU
		{3ABD522F-6F87-490C-9094-881DE31B29E6}.Debug|Any CPU.Build.0 = Debug|Any CPU
		{3ABD522F-6F87-490C-9094-881DE31B29E6}.Release|Any CPU.ActiveCfg = Release|Any CPU
		{3ABD522F-6F87-490C-9094-881DE31B29E6}.Release|Any CPU.Build.0 = Release|Any CPU
		{E9AC83E9-0698-4C14-AA40-8EF337F65523}.Debug|Any CPU.ActiveCfg = Debug|Any CPU
		{E9AC83E9-0698-4C14-AA40-8EF337F65523}.Debug|Any CPU.Build.0 = Debug|Any CPU
		{E9AC83E9-0698-4C14-AA40-8EF337F65523}.Release|Any CPU.ActiveCfg = Release|Any CPU
		{E9AC83E9-0698-4C14-AA40-8EF337F65523}.Release|Any CPU.Build.0 = Release|Any CPU
		{DBCC4D12-42C5-4843-B890-1A04A00DC681}.Debug|Any CPU.ActiveCfg = Debug|Any CPU
		{DBCC4D12-42C5-4843-B890-1A04A00DC681}.Debug|Any CPU.Build.0 = Debug|Any CPU
		{DBCC4D12-42C5-4843-B890-1A04A00DC681}.Release|Any CPU.ActiveCfg = Release|Any CPU
		{DBCC4D12-42C5-4843-B890-1A04A00DC681}.Release|Any CPU.Build.0 = Release|Any CPU
		{E8D9FF9E-AD9E-4582-B172-C0F56895015F}.Debug|Any CPU.ActiveCfg = Debug|Any CPU
		{E8D9FF9E-AD9E-4582-B172-C0F56895015F}.Debug|Any CPU.Build.0 = Debug|Any CPU
		{E8D9FF9E-AD9E-4582-B172-C0F56895015F}.Release|Any CPU.ActiveCfg = Release|Any CPU
		{E8D9FF9E-AD9E-4582-B172-C0F56895015F}.Release|Any CPU.Build.0 = Release|Any CPU
		{7F5B1A1C-115E-4852-8478-B0DA08C45A70}.Debug|Any CPU.ActiveCfg = Debug|Any CPU
		{7F5B1A1C-115E-4852-8478-B0DA08C45A70}.Debug|Any CPU.Build.0 = Debug|Any CPU
		{7F5B1A1C-115E-4852-8478-B0DA08C45A70}.Release|Any CPU.ActiveCfg = Release|Any CPU
		{7F5B1A1C-115E-4852-8478-B0DA08C45A70}.Release|Any CPU.Build.0 = Release|Any CPU
		{C5A7C004-276A-4B76-81DB-6A02E70C6E3C}.Debug|Any CPU.ActiveCfg = Debug|Any CPU
		{C5A7C004-276A-4B76-81DB-6A02E70C6E3C}.Debug|Any CPU.Build.0 = Debug|Any CPU
		{C5A7C004-276A-4B76-81DB-6A02E70C6E3C}.Release|Any CPU.ActiveCfg = Release|Any CPU
		{C5A7C004-276A-4B76-81DB-6A02E70C6E3C}.Release|Any CPU.Build.0 = Release|Any CPU
		{1BAD908A-518D-4540-9C3E-B2CB4EA8AA5B}.Debug|Any CPU.ActiveCfg = Debug|Any CPU
		{1BAD908A-518D-4540-9C3E-B2CB4EA8AA5B}.Debug|Any CPU.Build.0 = Debug|Any CPU
		{1BAD908A-518D-4540-9C3E-B2CB4EA8AA5B}.Release|Any CPU.ActiveCfg = Release|Any CPU
		{1BAD908A-518D-4540-9C3E-B2CB4EA8AA5B}.Release|Any CPU.Build.0 = Release|Any CPU
		{86D4FD9C-28FA-4813-8641-AA27A83FA8D6}.Debug|Any CPU.ActiveCfg = Debug|Any CPU
		{86D4FD9C-28FA-4813-8641-AA27A83FA8D6}.Debug|Any CPU.Build.0 = Debug|Any CPU
		{86D4FD9C-28FA-4813-8641-AA27A83FA8D6}.Release|Any CPU.ActiveCfg = Release|Any CPU
		{86D4FD9C-28FA-4813-8641-AA27A83FA8D6}.Release|Any CPU.Build.0 = Release|Any CPU
		{D573DA2C-A50F-4E0A-85E8-2B313686BFE3}.Debug|Any CPU.ActiveCfg = Debug|Any CPU
		{D573DA2C-A50F-4E0A-85E8-2B313686BFE3}.Debug|Any CPU.Build.0 = Debug|Any CPU
		{D573DA2C-A50F-4E0A-85E8-2B313686BFE3}.Release|Any CPU.ActiveCfg = Release|Any CPU
		{D573DA2C-A50F-4E0A-85E8-2B313686BFE3}.Release|Any CPU.Build.0 = Release|Any CPU
		{9618277D-E75D-485F-AE80-8C328A6A0F5E}.Debug|Any CPU.ActiveCfg = Debug|Any CPU
		{9618277D-E75D-485F-AE80-8C328A6A0F5E}.Debug|Any CPU.Build.0 = Debug|Any CPU
		{9618277D-E75D-485F-AE80-8C328A6A0F5E}.Release|Any CPU.ActiveCfg = Release|Any CPU
		{9618277D-E75D-485F-AE80-8C328A6A0F5E}.Release|Any CPU.Build.0 = Release|Any CPU
		{6130536B-13A0-4205-8747-BD9E3EF92140}.Debug|Any CPU.ActiveCfg = Debug|Any CPU
		{6130536B-13A0-4205-8747-BD9E3EF92140}.Debug|Any CPU.Build.0 = Debug|Any CPU
		{6130536B-13A0-4205-8747-BD9E3EF92140}.Release|Any CPU.ActiveCfg = Release|Any CPU
		{6130536B-13A0-4205-8747-BD9E3EF92140}.Release|Any CPU.Build.0 = Release|Any CPU
	EndGlobalSection
	GlobalSection(SolutionProperties) = preSolution
		HideSolutionNode = FALSE
	EndGlobalSection
	GlobalSection(NestedProjects) = preSolution
		{129C3F10-AB47-45E4-939C-966488135432} = {5AF134AF-BCFD-4798-A41C-708CCCC599A2}
		{5C0B6C68-15B3-4C52-8CD0-00EDDD144A45} = {5AF134AF-BCFD-4798-A41C-708CCCC599A2}
		{5F8FED40-1465-452C-81C9-1D7E456F34C6} = {6ACD88A6-F9D7-4417-9DF1-017D0C1FA8A3}
		{846072B1-CF4A-437C-8526-76F4C6FEB345} = {6ACD88A6-F9D7-4417-9DF1-017D0C1FA8A3}
		{00BA11AE-AD59-488B-98F9-E4AF30E47167} = {6ACD88A6-F9D7-4417-9DF1-017D0C1FA8A3}
		{432DC08E-97DF-4CC0-A836-28AB50518A88} = {6ACD88A6-F9D7-4417-9DF1-017D0C1FA8A3}
		{4BB3C414-3984-4D3C-8DE1-A0DD953605A3} = {72CD9AA7-A888-4ECE-9D1E-BD274808D824}
		{7C7A5E18-2225-4F5D-BEC1-AC028F76ECBF} = {72CD9AA7-A888-4ECE-9D1E-BD274808D824}
		{A1E165BB-08B9-4B4A-A51B-1B71267FCB83} = {72CD9AA7-A888-4ECE-9D1E-BD274808D824}
		{9578E4D2-CF10-4965-BCF5-C032A7E382F4} = {B98E4CF3-598E-4C84-80A2-A08DB44167BE}
		{683C5A18-A2DF-42AE-9F44-B4553961B7C1} = {94DC47B5-EFF9-486F-80C2-8AD3CE458CD2}
		{61D068C8-35C6-4CF7-BB5A-CA746866FF17} = {94DC47B5-EFF9-486F-80C2-8AD3CE458CD2}
		{6348822F-9802-4B02-8B83-0BF2AFDDEA05} = {94DC47B5-EFF9-486F-80C2-8AD3CE458CD2}
		{1E06469E-6A5B-49ED-802A-FB876433EFEA} = {94DC47B5-EFF9-486F-80C2-8AD3CE458CD2}
		{78EA9888-05A9-4815-ADD1-03030E5D654E} = {26E6FF5A-5157-4A32-ADF7-F4CC1108D8E2}
		{6C557FFF-DD84-4591-839C-5089D9E4C8C6} = {26E6FF5A-5157-4A32-ADF7-F4CC1108D8E2}
		{DFE33999-FAC5-49A2-91DD-E50FD634C2A7} = {26E6FF5A-5157-4A32-ADF7-F4CC1108D8E2}
		{C4C7A2AF-1191-4771-9085-5C890EABEE14} = {26E6FF5A-5157-4A32-ADF7-F4CC1108D8E2}
		{D1F4BFBA-393F-4918-8946-18FD955DFC21} = {A4140E8A-0DAC-4046-A4F5-F55953A2DD46}
		{75054A69-F4F5-4F73-920D-4F34A6B94D12} = {9CF6E780-8884-4D5D-9DBF-74FC17FA4086}
		{D7E1CADA-B613-4422-966F-6B4608796E71} = {9CF6E780-8884-4D5D-9DBF-74FC17FA4086}
		{3ABD522F-6F87-490C-9094-881DE31B29E6} = {9CF6E780-8884-4D5D-9DBF-74FC17FA4086}
		{E9AC83E9-0698-4C14-AA40-8EF337F65523} = {85B93F02-6390-4E0D-A711-E717F19EE4B8}
		{DBCC4D12-42C5-4843-B890-1A04A00DC681} = {85B93F02-6390-4E0D-A711-E717F19EE4B8}
		{E8D9FF9E-AD9E-4582-B172-C0F56895015F} = {85B93F02-6390-4E0D-A711-E717F19EE4B8}
		{7F5B1A1C-115E-4852-8478-B0DA08C45A70} = {EDA29ECA-2945-4690-8C32-D7AC84717485}
		{C5A7C004-276A-4B76-81DB-6A02E70C6E3C} = {EDA29ECA-2945-4690-8C32-D7AC84717485}
		{1BAD908A-518D-4540-9C3E-B2CB4EA8AA5B} = {EDA29ECA-2945-4690-8C32-D7AC84717485}
		{86D4FD9C-28FA-4813-8641-AA27A83FA8D6} = {90BE8FA3-2C94-41F0-8C49-E837B0262ECB}
		{D573DA2C-A50F-4E0A-85E8-2B313686BFE3} = {90BE8FA3-2C94-41F0-8C49-E837B0262ECB}
		{9618277D-E75D-485F-AE80-8C328A6A0F5E} = {90BE8FA3-2C94-41F0-8C49-E837B0262ECB}
		{6130536B-13A0-4205-8747-BD9E3EF92140} = {90BE8FA3-2C94-41F0-8C49-E837B0262ECB}
	EndGlobalSection
	GlobalSection(ExtensibilityGlobals) = postSolution
		SolutionGuid = {12AB6AFC-D95C-44A9-B17F-1656552330F5}
	EndGlobalSection
EndGlobal
